{
  "name": "openfaceid-monorepo",
  "version": "0.1.0",
  "lockfileVersion": 3,
  "requires": true,
  "packages": {
    "": {
      "name": "openfaceid-monorepo",
      "version": "0.1.0",
      "license": "Apache-2.0",
      "workspaces": [
        "packages/*",
        "apps/*"
      ],
      "devDependencies": {
        "typescript": "^5.7.3"
      }
    },
    "apps/cli": {
      "name": "@openfaceid/cli",
      "version": "0.1.0",
      "license": "Apache-2.0",
      "dependencies": {
        "@openfaceid/branding": "*",
        "@openfaceid/core": "*",
        "@openfaceid/platform": "*"
      },
      "bin": {
        "openfaceid": "bin/openfaceid.js",
        "sightlock": "bin/openfaceid.js"
      }
    },
    "apps/desktop": {
      "name": "@openfaceid/desktop",
      "version": "0.1.0",
      "license": "Apache-2.0",
      "dependencies": {
        "@openfaceid/branding": "*",
        "@openfaceid/core": "*",
        "@openfaceid/platform": "*"
      }
    },
    "node_modules/@openfaceid/api": {
      "resolved": "packages/api",
      "link": true
    },
    "node_modules/@openfaceid/automation": {
      "resolved": "packages/automation",
      "link": true
    },
    "node_modules/@openfaceid/branding": {
      "resolved": "packages/branding",
      "link": true
    },
    "node_modules/@openfaceid/camera": {
      "resolved": "packages/camera",
      "link": true
    },
    "node_modules/@openfaceid/cli": {
      "resolved": "apps/cli",
      "link": true
    },
    "node_modules/@openfaceid/core": {
      "resolved": "packages/core",
      "link": true
    },
    "node_modules/@openfaceid/desktop": {
      "resolved": "apps/desktop",
      "link": true
    },
    "node_modules/@openfaceid/platform": {
      "resolved": "packages/platform",
      "link": true
    },
    "node_modules/@openfaceid/presence": {
      "resolved": "packages/presence",
      "link": true
    },
    "node_modules/@openfaceid/security": {
      "resolved": "packages/security",
      "link": true
    },
    "node_modules/@openfaceid/storage": {
      "resolved": "packages/storage",
      "link": true
    },
    "node_modules/@openfaceid/vision": {
      "resolved": "packages/vision",
      "link": true
    },
    "node_modules/typescript": {
      "version": "5.9.3",
      "resolved": "https://registry.npmjs.org/typescript/-/typescript-5.9.3.tgz",
      "integrity": "sha512-jl1vZzPDinLr9eUt3J/t7V6FgNEw9QjvBPdysz9KfQDD41fQrC2Y4vKQdiaUpFT4bXlb1RHhLpp8wtm6M5TgSw==",
      "dev": true,
      "license": "Apache-2.0",
      "bin": {
        "tsc": "bin/tsc",
        "tsserver": "bin/tsserver"
      },
      "engines": {
        "node": ">=14.17"
      }
    },
    "packages/api": {
      "name": "@openfaceid/api",
      "version": "0.1.0",
      "license": "Apache-2.0",
      "dependencies": {
        "@openfaceid/automation": "*",
        "@openfaceid/core": "*",
        "@openfaceid/platform": "*",
        "@openfaceid/storage": "*"
      }
    },
    "packages/automation": {
      "name": "@openfaceid/automation",
      "version": "0.1.0",
      "license": "Apache-2.0",
      "dependencies": {
        "@openfaceid/core": "*",
        "@openfaceid/platform": "*"
      }
    },
    "packages/branding": {
      "name": "@openfaceid/branding",
      "version": "0.1.0",
      "license": "Apache-2.0"
    },
    "packages/camera": {
      "name": "@openfaceid/camera",
      "version": "0.1.0",
      "license": "Apache-2.0",
      "dependencies": {
        "@openfaceid/core": "*"
      }
    },
    "packages/core": {
      "name": "@openfaceid/core",
      "version": "0.1.0",
      "license": "Apache-2.0",
      "dependencies": {
        "@openfaceid/branding": "*"
      }
    },
    "packages/platform": {
      "name": "@openfaceid/platform",
      "version": "0.1.0",
      "license": "Apache-2.0",
      "dependencies": {
        "@openfaceid/core": "*"
      }
    },
    "packages/presence": {
      "name": "@openfaceid/presence",
      "version": "0.1.0",
      "license": "Apache-2.0",
      "dependencies": {
        "@openfaceid/camera": "*",
        "@openfaceid/core": "*",
        "@openfaceid/vision": "*"
      }
    },
    "packages/security": {
      "name": "@openfaceid/security",
      "version": "0.1.0",
      "license": "Apache-2.0",
      "dependencies": {
        "@openfaceid/core": "*",
        "@openfaceid/platform": "*"
      }
    },
    "packages/storage": {
      "name": "@openfaceid/storage",
      "version": "0.1.0",
      "license": "Apache-2.0",
      "dependencies": {
        "@openfaceid/core": "*",
        "@openfaceid/security": "*",
        "@openfaceid/vision": "*"
      }
    },
    "packages/vision": {
      "name": "@openfaceid/vision",
      "version": "0.1.0",
      "license": "Apache-2.0",
      "dependencies": {
        "@openfaceid/camera": "*",
        "@openfaceid/core": "*"
      }
    }
  }
}
